
Microsoft Visual Studio Solution File, Format Version 12.00
# Visual Studio Version 16
VisualStudioVersion = 16.0.29123.88
MinimumVisualStudioVersion = 10.0.40219.1
Project("{FAE04EC0-301F-11D3-BF4B-00C04F79EFBC}") = "Iterator", "Iterator\Iterator.csproj", "{133DA073-3DC1-471D-9528-05A56E342124}"
EndProject
Global
	GlobalSection(SolutionConfigurationPlatforms) = preSolution
		Debug|Any CPU = Debug|Any CPU
		Release|Any CPU = Release|Any CPU
	EndGlobalSection
	GlobalSection(ProjectConfigurationPlatforms) = postSolution
		{133DA073-3DC1-471D-9528-05A56E342124}.Debug|Any CPU.ActiveCfg = Debug|Any CPU
		{133DA073-3DC1-471D-9528-05A56E342124}.Debug|Any CPU.Build.0 = Debug|Any CPU
		{133DA073-3DC1-471D-9528-05A56E342124}.Release|Any CPU.ActiveCfg = Release|Any CPU
		{133DA073-3DC1-471D-9528-05A56E342124}.Release|Any CPU.Build.0 = Release|Any CPU
	EndGlobalSection
	GlobalSection(SolutionProperties) = preSolution
		HideSolutionNode = FALSE
	EndGlobalSection
	GlobalSection(ExtensibilityGlobals) = postSolution
		SolutionGuid = {778D620B-5345-416D-9B87-C17EAB323E72}
	EndGlobalSection
EndGlobal
